{
	"name": "teeworlds",
	"version": "2.5.4",
	"lockfileVersion": 2,
	"requires": true,
	"packages": {
		"": {
			"name": "teeworlds",
			"version": "2.5.4",
			"license": "MIT",
			"devDependencies": {
				"@types/node": "^22.13.5",
				"typescript": "^3.9.5"
			}
		},
		"node_modules/@types/node": {
			"version": "22.13.5",
			"resolved": "https://registry.npmjs.org/@types/node/-/node-22.13.5.tgz",
			"integrity": "sha512-+lTU0PxZXn0Dr1NBtC7Y8cR21AJr87dLLU953CWA6pMxxv/UDc7jYAY90upcrie1nRcD6XNG5HOYEDtgW5TxAg==",
			"dev": true,
			"license": "MIT",
			"dependencies": {
				"undici-types": "~6.20.0"
			}
		},
		"node_modules/typescript": {
			"version": "3.9.10",
			"resolved": "https://registry.npmjs.org/typescript/-/typescript-3.9.10.tgz",
			"integrity": "sha512-w6fIxVE/H1PkLKcCPsFqKE7Kv7QUwhU8qQY2MueZXWx5cPZdwFupLgKK3vntcK98BtNHZtAF4LA/yl2a7k8R6Q==",
			"dev": true,
			"bin": {
				"tsc": "bin/tsc",
				"tsserver": "bin/tsserver"
			},
			"engines": {
				"node": ">=4.2.0"
			}
		},
		"node_modules/undici-types": {
			"version": "6.20.0",
			"resolved": "https://registry.npmjs.org/undici-types/-/undici-types-6.20.0.tgz",
			"integrity": "sha512-Ny6QZ2Nju20vw1SRHe3d9jVu6gJ+4e3+MMpqu7pqE5HT6WsTSlce++GQmK5UXS8mzV8DSYHrQH+Xrf2jVcuKNg==",
			"dev": true,
			"license": "MIT"
		}
	},
	"dependencies": {
		"@types/node": {
			"version": "22.13.5",
			"resolved": "https://registry.npmjs.org/@types/node/-/node-22.13.5.tgz",
			"integrity": "sha512-+lTU0PxZXn0Dr1NBtC7Y8cR21AJr87dLLU953CWA6pMxxv/UDc7jYAY90upcrie1nRcD6XNG5HOYEDtgW5TxAg==",
			"dev": true,
			"requires": {
				"undici-types": "~6.20.0"
			}
		},
		"typescript": {
			"version": "3.9.10",
			"resolved": "https://registry.npmjs.org/typescript/-/typescript-3.9.10.tgz",
			"integrity": "sha512-w6fIxVE/H1PkLKcCPsFqKE7Kv7QUwhU8qQY2MueZXWx5cPZdwFupLgKK3vntcK98BtNHZtAF4LA/yl2a7k8R6Q==",
			"dev": true
		},
		"undici-types": {
			"version": "6.20.0",
			"resolved": "https://registry.npmjs.org/undici-types/-/undici-types-6.20.0.tgz",
			"integrity": "sha512-Ny6QZ2Nju20vw1SRHe3d9jVu6gJ+4e3+MMpqu7pqE5HT6WsTSlce++GQmK5UXS8mzV8DSYHrQH+Xrf2jVcuKNg==",
			"dev": true
		}
	}
}
